
Microsoft Visual Studio Solution File, Format Version 12.00
# Visual Studio Version 17
VisualStudioVersion = 17.11.35219.272
MinimumVisualStudioVersion = 10.0.40219.1
Project("{FAE04EC0-301F-11D3-BF4B-00C04F79EFBC}") = "CloudFlowTracker", "CloudFlowTracker\CloudFlowTracker.csproj", "{6FADB81A-DF37-4F80-A8E1-602B975F501D}"
EndProject
Global
	GlobalSection(SolutionConfigurationPlatforms) = preSolution
		Debug|Any CPU = Debug|Any CPU
		Release|Any CPU = Release|Any CPU
	EndGlobalSection
	GlobalSection(ProjectConfigurationPlatforms) = postSolution
		{6FADB81A-DF37-4F80-A8E1-602B975F501D}.Debug|Any CPU.ActiveCfg = Debug|Any CPU
		{6FADB81A-DF37-4F80-A8E1-602B975F501D}.Debug|Any CPU.Build.0 = Debug|Any CPU
		{6FADB81A-DF37-4F80-A8E1-602B975F501D}.Release|Any CPU.ActiveCfg = Release|Any CPU
		{6FADB81A-DF37-4F80-A8E1-602B975F501D}.Release|Any CPU.Build.0 = Release|Any CPU
	EndGlobalSection
	GlobalSection(SolutionProperties) = preSolution
		HideSolutionNode = FALSE
	EndGlobalSection
	GlobalSection(ExtensibilityGlobals) = postSolution
		SolutionGuid = {D4886236-5EDF-42BE-84A4-81CD1341EF0F}
	EndGlobalSection
EndGlobal
